{
  "name": "eagler-touhou",
  "version": "0.1.0",
  "lockfileVersion": 3,
  "requires": true,
  "packages": {
    "": {
      "name": "eagler-touhou",
      "version": "0.1.0",
      "dependencies": {
        "fflate": "0.8.2",
        "webaudio-tinysynth": "1.1.3"
      }
    },
    "node_modules/fflate": {
      "version": "0.8.2",
      "resolved": "https://registry.npmjs.org/fflate/-/fflate-0.8.2.tgz",
      "integrity": "sha512-cPJU47OaAoCbg0pBvzsgpTPhmhqI5eJjh/JIu8tPj5q+T7iLvW/JAYUqmE7KOB4R1ZyEhzBaIQpQpardBF5z8A==",
      "license": "MIT"
    },
    "node_modules/webaudio-tinysynth": {
      "version": "1.1.3",
      "resolved": "https://registry.npmjs.org/webaudio-tinysynth/-/webaudio-tinysynth-1.1.3.tgz",
      "integrity": "sha512-ez+2R6GU0KHZ28wcZHxkbSCXGiSYybhyyTr6+WblTm/rOBfhqsNLbzdiNlZz5I0x/KLOHQUNl/75hZyGpoUJdQ==",
      "license": "Apache-2.0"
    }
  }
}
